// !$*UTF8*$!
{
	archiveVersion = 1;
	classes = {
	};
	objectVersion = 55;
	objects = {

/* Begin PBXBuildFile section */
		03398C6027DFDFCC001BC793 /* AppDelegate.swift in Sources */ = {isa = PBXBuildFile; fileRef = 03398C5F27DFDFCC001BC793 /* AppDelegate.swift */; };
		03398C6227DFDFCC001BC793 /* SceneDelegate.swift in Sources */ = {isa = PBXBuildFile; fileRef = 03398C6127DFDFCC001BC793 /* SceneDelegate.swift */; };
		03398C6927DFDFCD001BC793 /* Assets.xcassets in Resources */ = {isa = PBXBuildFile; fileRef = 03398C6827DFDFCD001BC793 /* Assets.xcassets */; };
		03398C6C27DFDFCD001BC793 /* LaunchScreen.storyboard in Resources */ = {isa = PBXBuildFile; fileRef = 03398C6A27DFDFCD001BC793 /* LaunchScreen.storyboard */; };
		038D34942863276200648978 /* HomeView.swift in Sources */ = {isa = PBXBuildFile; fileRef = 038D34932863276200648978 /* HomeView.swift */; };
		038D34992863278600648978 /* HomeViewModel.swift in Sources */ = {isa = PBXBuildFile; fileRef = 038D34982863278600648978 /* HomeViewModel.swift */; };
		038D34A228632C2A00648978 /* SwiftTemplateTests.swift in Sources */ = {isa = PBXBuildFile; fileRef = 038D34A128632C2A00648978 /* SwiftTemplateTests.swift */; };
		141149192864FAC2003F172A /* LoginViewController.swift in Sources */ = {isa = PBXBuildFile; fileRef = 141149182864FAC2003F172A /* LoginViewController.swift */; };
		1411491B2864FAD5003F172A /* LoginViewController.xib in Resources */ = {isa = PBXBuildFile; fileRef = 1411491A2864FAD5003F172A /* LoginViewController.xib */; };
		14C825E0286CC1E6000CB09C /* LoginViewModel.swift in Sources */ = {isa = PBXBuildFile; fileRef = 14C825DF286CC1E6000CB09C /* LoginViewModel.swift */; };
		5991E638B37381C40AD34FF9 /* Pods_SwiftTemplate.framework in Frameworks */ = {isa = PBXBuildFile; fileRef = C806EB97D4D18AFDE1A67DB1 /* Pods_SwiftTemplate.framework */; };
/* End PBXBuildFile section */

/* Begin PBXContainerItemProxy section */
		038D34A328632C2A00648978 /* PBXContainerItemProxy */ = {
			isa = PBXContainerItemProxy;
			containerPortal = 03398C5427DFDFCC001BC793 /* Project object */;
			proxyType = 1;
			remoteGlobalIDString = 03398C5B27DFDFCC001BC793;
			remoteInfo = SwiftTemplate;
		};
/* End PBXContainerItemProxy section */

/* Begin PBXFileReference section */
		03398C5C27DFDFCC001BC793 /* SwiftTemplate.app */ = {isa = PBXFileReference; explicitFileType = wrapper.application; includeInIndex = 0; path = SwiftTemplate.app; sourceTree = BUILT_PRODUCTS_DIR; };
		03398C5F27DFDFCC001BC793 /* AppDelegate.swift */ = {isa = PBXFileReference; lastKnownFileType = sourcecode.swift; path = AppDelegate.swift; sourceTree = "<group>"; };
		03398C6127DFDFCC001BC793 /* SceneDelegate.swift */ = {isa = PBXFileReference; lastKnownFileType = sourcecode.swift; path = SceneDelegate.swift; sourceTree = "<group>"; };
		03398C6827DFDFCD001BC793 /* Assets.xcassets */ = {isa = PBXFileReference; lastKnownFileType = folder.assetcatalog; path = Assets.xcassets; sourceTree = "<group>"; };
		03398C6B27DFDFCD001BC793 /* Base */ = {isa = PBXFileReference; lastKnownFileType = file.storyboard; name = Base; path = Base.lproj/LaunchScreen.storyboard; sourceTree = "<group>"; };
		03398C6D27DFDFCD001BC793 /* Info.plist */ = {isa = PBXFileReference; lastKnownFileType = text.plist.xml; path = Info.plist; sourceTree = "<group>"; };
		038D34932863276200648978 /* HomeView.swift */ = {isa = PBXFileReference; lastKnownFileType = sourcecode.swift; path = HomeView.swift; sourceTree = "<group>"; };
		038D34982863278600648978 /* HomeViewModel.swift */ = {isa = PBXFileReference; lastKnownFileType = sourcecode.swift; path = HomeViewModel.swift; sourceTree = "<group>"; };
		038D349F28632C2A00648978 /* SwiftTemplateTests.xctest */ = {isa = PBXFileReference; explicitFileType = wrapper.cfbundle; includeInIndex = 0; path = SwiftTemplateTests.xctest; sourceTree = BUILT_PRODUCTS_DIR; };
		038D34A128632C2A00648978 /* SwiftTemplateTests.swift */ = {isa = PBXFileReference; lastKnownFileType = sourcecode.swift; path = SwiftTemplateTests.swift; sourceTree = "<group>"; };
		10E80E2B6DB8107568FFFD5D /* Pods-SwiftTemplate.release.xcconfig */ = {isa = PBXFileReference; includeInIndex = 1; lastKnownFileType = text.xcconfig; name = "Pods-SwiftTemplate.release.xcconfig"; path = "Target Support Files/Pods-SwiftTemplate/Pods-SwiftTemplate.release.xcconfig"; sourceTree = "<group>"; };
		141149182864FAC2003F172A /* LoginViewController.swift */ = {isa = PBXFileReference; lastKnownFileType = sourcecode.swift; path = LoginViewController.swift; sourceTree = "<group>"; };
		1411491A2864FAD5003F172A /* LoginViewController.xib */ = {isa = PBXFileReference; lastKnownFileType = file.xib; path = LoginViewController.xib; sourceTree = "<group>"; };
		14C825DF286CC1E6000CB09C /* LoginViewModel.swift */ = {isa = PBXFileReference; lastKnownFileType = sourcecode.swift; path = LoginViewModel.swift; sourceTree = "<group>"; };
		7970464BBDAF57D08D439957 /* Pods-SwiftTemplate.debug.xcconfig */ = {isa = PBXFileReference; includeInIndex = 1; lastKnownFileType = text.xcconfig; name = "Pods-SwiftTemplate.debug.xcconfig"; path = "Target Support Files/Pods-SwiftTemplate/Pods-SwiftTemplate.debug.xcconfig"; sourceTree = "<group>"; };
		C806EB97D4D18AFDE1A67DB1 /* Pods_SwiftTemplate.framework */ = {isa = PBXFileReference; explicitFileType = wrapper.framework; includeInIndex = 0; path = Pods_SwiftTemplate.framework; sourceTree = BUILT_PRODUCTS_DIR; };
/* End PBXFileReference section */

/* Begin PBXFrameworksBuildPhase section */
		03398C5927DFDFCC001BC793 /* Frameworks */ = {
			isa = PBXFrameworksBuildPhase;
			buildActionMask = 2147483647;
			files = (
				5991E638B37381C40AD34FF9 /* Pods_SwiftTemplate.framework in Frameworks */,
			);
			runOnlyForDeploymentPostprocessing = 0;
		};
		038D349C28632C2A00648978 /* Frameworks */ = {
			isa = PBXFrameworksBuildPhase;
			buildActionMask = 2147483647;
			files = (
			);
			runOnlyForDeploymentPostprocessing = 0;
		};
/* End PBXFrameworksBuildPhase section */

/* Begin PBXGroup section */
		03398C5327DFDFCC001BC793 = {
			isa = PBXGroup;
			children = (
				03398C5E27DFDFCC001BC793 /* SwiftTemplate */,
				038D34A028632C2A00648978 /* SwiftTemplateTests */,
				03398C5D27DFDFCC001BC793 /* Products */,
				197FDADD169B47CB4365D677 /* Pods */,
				D02CA146657ACFECA312F248 /* Frameworks */,
			);
			sourceTree = "<group>";
		};
		03398C5D27DFDFCC001BC793 /* Products */ = {
			isa = PBXGroup;
			children = (
				03398C5C27DFDFCC001BC793 /* SwiftTemplate.app */,
				038D349F28632C2A00648978 /* SwiftTemplateTests.xctest */,
			);
			name = Products;
			sourceTree = "<group>";
		};
		03398C5E27DFDFCC001BC793 /* SwiftTemplate */ = {
			isa = PBXGroup;
			children = (
				038D34912863274900648978 /* Home */,
				141149162864F901003F172A /* Login */,
				03398C5F27DFDFCC001BC793 /* AppDelegate.swift */,
				03398C6127DFDFCC001BC793 /* SceneDelegate.swift */,
				03398C6827DFDFCD001BC793 /* Assets.xcassets */,
				03398C6A27DFDFCD001BC793 /* LaunchScreen.storyboard */,
				03398C6D27DFDFCD001BC793 /* Info.plist */,
			);
			path = SwiftTemplate;
			sourceTree = "<group>";
		};
		038D34912863274900648978 /* Home */ = {
			isa = PBXGroup;
			children = (
				038D349A286329EE00648978 /* Models */,
				038D34972863277700648978 /* ViewModel */,
				038D34922863275700648978 /* Views */,
			);
			path = Home;
			sourceTree = "<group>";
		};
		038D34922863275700648978 /* Views */ = {
			isa = PBXGroup;
			children = (
				038D34932863276200648978 /* HomeView.swift */,
			);
			path = Views;
			sourceTree = "<group>";
		};
		038D34972863277700648978 /* ViewModel */ = {
			isa = PBXGroup;
			children = (
				038D34982863278600648978 /* HomeViewModel.swift */,
			);
			path = ViewModel;
			sourceTree = "<group>";
		};
		038D349A286329EE00648978 /* Models */ = {
			isa = PBXGroup;
			children = (
			);
			path = Models;
			sourceTree = "<group>";
		};
		038D34A028632C2A00648978 /* SwiftTemplateTests */ = {
			isa = PBXGroup;
			children = (
				038D34A128632C2A00648978 /* SwiftTemplateTests.swift */,
			);
			path = SwiftTemplateTests;
			sourceTree = "<group>";
		};
		141149162864F901003F172A /* Login */ = {
			isa = PBXGroup;
			children = (
				14C825DE286CC1CE000CB09C /* ViewModel */,
				141149172864F934003F172A /* Views */,
			);
			path = Login;
			sourceTree = "<group>";
		};
		141149172864F934003F172A /* Views */ = {
			isa = PBXGroup;
			children = (
				141149182864FAC2003F172A /* LoginViewController.swift */,
				1411491A2864FAD5003F172A /* LoginViewController.xib */,
			);
			path = Views;
			sourceTree = "<group>";
		};
		14C825DE286CC1CE000CB09C /* ViewModel */ = {
			isa = PBXGroup;
			children = (
				14C825DF286CC1E6000CB09C /* LoginViewModel.swift */,
			);
			path = ViewModel;
			sourceTree = "<group>";
		};
		197FDADD169B47CB4365D677 /* Pods */ = {
			isa = PBXGroup;
			children = (
				7970464BBDAF57D08D439957 /* Pods-SwiftTemplate.debug.xcconfig */,
				10E80E2B6DB8107568FFFD5D /* Pods-SwiftTemplate.release.xcconfig */,
			);
			path = Pods;
			sourceTree = "<group>";
		};
		D02CA146657ACFECA312F248 /* Frameworks */ = {
			isa = PBXGroup;
			children = (
				C806EB97D4D18AFDE1A67DB1 /* Pods_SwiftTemplate.framework */,
			);
			name = Frameworks;
			sourceTree = "<group>";
		};
/* End PBXGroup section */

/* Begin PBXNativeTarget section */
		03398C5B27DFDFCC001BC793 /* SwiftTemplate */ = {
			isa = PBXNativeTarget;
			buildConfigurationList = 03398C7027DFDFCD001BC793 /* Build configuration list for PBXNativeTarget "SwiftTemplate" */;
			buildPhases = (
				DAECEB37103DB43585CDFD50 /* [CP] Check Pods Manifest.lock */,
				03398C5827DFDFCC001BC793 /* Sources */,
				03398C5927DFDFCC001BC793 /* Frameworks */,
				03398C5A27DFDFCC001BC793 /* Resources */,
				BC4ABC42E914143CAAD06240 /* [CP] Embed Pods Frameworks */,
			);
			buildRules = (
			);
			dependencies = (
			);
			name = SwiftTemplate;
			productName = SwiftTemplate;
			productReference = 03398C5C27DFDFCC001BC793 /* SwiftTemplate.app */;
			productType = "com.apple.product-type.application";
		};
		038D349E28632C2A00648978 /* SwiftTemplateTests */ = {
			isa = PBXNativeTarget;
			buildConfigurationList = 038D34A528632C2A00648978 /* Build configuration list for PBXNativeTarget "SwiftTemplateTests" */;
			buildPhases = (
				038D349B28632C2A00648978 /* Sources */,
				038D349C28632C2A00648978 /* Frameworks */,
				038D349D28632C2A00648978 /* Resources */,
			);
			buildRules = (
			);
			dependencies = (
				038D34A428632C2A00648978 /* PBXTargetDependency */,
			);
			name = SwiftTemplateTests;
			productName = SwiftTemplateTests;
			productReference = 038D349F28632C2A00648978 /* SwiftTemplateTests.xctest */;
			productType = "com.apple.product-type.bundle.unit-test";
		};
/* End PBXNativeTarget section */

/* Begin PBXProject section */
		03398C5427DFDFCC001BC793 /* Project object */ = {
			isa = PBXProject;
			attributes = {
				BuildIndependentTargetsInParallel = 1;
				LastSwiftUpdateCheck = 1340;
				LastUpgradeCheck = 1320;
				TargetAttributes = {
					03398C5B27DFDFCC001BC793 = {
						CreatedOnToolsVersion = 13.2.1;
					};
					038D349E28632C2A00648978 = {
						CreatedOnToolsVersion = 13.4.1;
						TestTargetID = 03398C5B27DFDFCC001BC793;
					};
				};
			};
			buildConfigurationList = 03398C5727DFDFCC001BC793 /* Build configuration list for PBXProject "SwiftTemplate" */;
			compatibilityVersion = "Xcode 13.0";
			developmentRegion = en;
			hasScannedForEncodings = 0;
			knownRegions = (
				en,
				Base,
			);
			mainGroup = 03398C5327DFDFCC001BC793;
			productRefGroup = 03398C5D27DFDFCC001BC793 /* Products */;
			projectDirPath = "";
			projectRoot = "";
			targets = (
				03398C5B27DFDFCC001BC793 /* SwiftTemplate */,
				038D349E28632C2A00648978 /* SwiftTemplateTests */,
			);
		};
/* End PBXProject section */

/* Begin PBXResourcesBuildPhase section */
		03398C5A27DFDFCC001BC793 /* Resources */ = {
			isa = PBXResourcesBuildPhase;
			buildActionMask = 2147483647;
			files = (
				03398C6C27DFDFCD001BC793 /* LaunchScreen.storyboard in Resources */,
				03398C6927DFDFCD001BC793 /* Assets.xcassets in Resources */,
				1411491B2864FAD5003F172A /* LoginViewController.xib in Resources */,
			);
			runOnlyForDeploymentPostprocessing = 0;
		};
		038D349D28632C2A00648978 /* Resources */ = {
			isa = PBXResourcesBuildPhase;
			buildActionMask = 2147483647;
			files = (
			);
			runOnlyForDeploymentPostprocessing = 0;
		};
/* End PBXResourcesBuildPhase section */

/* Begin PBXShellScriptBuildPhase section */
		BC4ABC42E914143CAAD06240 /* [CP] Embed Pods Frameworks */ = {
			isa = PBXShellScriptBuildPhase;
			buildActionMask = 2147483647;
			files = (
			);
			inputFileListPaths = (
				"${PODS_ROOT}/Target Support Files/Pods-SwiftTemplate/Pods-SwiftTemplate-frameworks-${CONFIGURATION}-input-files.xcfilelist",
			);
			name = "[CP] Embed Pods Frameworks";
			outputFileListPaths = (
				"${PODS_ROOT}/Target Support Files/Pods-SwiftTemplate/Pods-SwiftTemplate-frameworks-${CONFIGURATION}-output-files.xcfilelist",
			);
			runOnlyForDeploymentPostprocessing = 0;
			shellPath = /bin/sh;
			shellScript = "\"${PODS_ROOT}/Target Support Files/Pods-SwiftTemplate/Pods-SwiftTemplate-frameworks.sh\"\n";
			showEnvVarsInLog = 0;
		};
		DAECEB37103DB43585CDFD50 /* [CP] Check Pods Manifest.lock */ = {
			isa = PBXShellScriptBuildPhase;
			buildActionMask = 2147483647;
			files = (
			);
			inputFileListPaths = (
			);
			inputPaths = (
				"${PODS_PODFILE_DIR_PATH}/Podfile.lock",
				"${PODS_ROOT}/Manifest.lock",
			);
			name = "[CP] Check Pods Manifest.lock";
			outputFileListPaths = (
			);
			outputPaths = (
				"$(DERIVED_FILE_DIR)/Pods-SwiftTemplate-checkManifestLockResult.txt",
			);
			runOnlyForDeploymentPostprocessing = 0;
			shellPath = /bin/sh;
			shellScript = "diff \"${PODS_PODFILE_DIR_PATH}/Podfile.lock\" \"${PODS_ROOT}/Manifest.lock\" > /dev/null\nif [ $? != 0 ] ; then\n    # print error to STDERR\n    echo \"error: The sandbox is not in sync with the Podfile.lock. Run 'pod install' or update your CocoaPods installation.\" >&2\n    exit 1\nfi\n# This output is used by Xcode 'outputs' to avoid re-running this script phase.\necho \"SUCCESS\" > \"${SCRIPT_OUTPUT_FILE_0}\"\n";
			showEnvVarsInLog = 0;
		};
/* End PBXShellScriptBuildPhase section */

/* Begin PBXSourcesBuildPhase section */
		03398C5827DFDFCC001BC793 /* Sources */ = {
			isa = PBXSourcesBuildPhase;
			buildActionMask = 2147483647;
			files = (
				038D34942863276200648978 /* HomeView.swift in Sources */,
				03398C6027DFDFCC001BC793 /* AppDelegate.swift in Sources */,
				14C825E0286CC1E6000CB09C /* LoginViewModel.swift in Sources */,
				038D34992863278600648978 /* HomeViewModel.swift in Sources */,
				141149192864FAC2003F172A /* LoginViewController.swift in Sources */,
				03398C6227DFDFCC001BC793 /* SceneDelegate.swift in Sources */,
			);
			runOnlyForDeploymentPostprocessing = 0;
		};
		038D349B28632C2A00648978 /* Sources */ = {
			isa = PBXSourcesBuildPhase;
			buildActionMask = 2147483647;
			files = (
				038D34A228632C2A00648978 /* SwiftTemplateTests.swift in Sources */,
			);
			runOnlyForDeploymentPostprocessing = 0;
		};
/* End PBXSourcesBuildPhase section */

/* Begin PBXTargetDependency section */
		038D34A428632C2A00648978 /* PBXTargetDependency */ = {
			isa = PBXTargetDependency;
			target = 03398C5B27DFDFCC001BC793 /* SwiftTemplate */;
			targetProxy = 038D34A328632C2A00648978 /* PBXContainerItemProxy */;
		};
/* End PBXTargetDependency section */

/* Begin PBXVariantGroup section */
		03398C6A27DFDFCD001BC793 /* LaunchScreen.storyboard */ = {
			isa = PBXVariantGroup;
			children = (
				03398C6B27DFDFCD001BC793 /* Base */,
			);
			name = LaunchScreen.storyboard;
			sourceTree = "<group>";
		};
/* End PBXVariantGroup section */

/* Begin XCBuildConfiguration section */
		03398C6E27DFDFCD001BC793 /* Debug */ = {
			isa = XCBuildConfiguration;
			buildSettings = {
				ALWAYS_SEARCH_USER_PATHS = NO;
				CLANG_ANALYZER_NONNULL = YES;
				CLANG_ANALYZER_NUMBER_OBJECT_CONVERSION = YES_AGGRESSIVE;
				CLANG_CXX_LANGUAGE_STANDARD = "gnu++17";
				CLANG_CXX_LIBRARY = "libc++";
				CLANG_ENABLE_MODULES = YES;
				CLANG_ENABLE_OBJC_ARC = YES;
				CLANG_ENABLE_OBJC_WEAK = YES;
				CLANG_WARN_BLOCK_CAPTURE_AUTORELEASING = YES;
				CLANG_WARN_BOOL_CONVERSION = YES;
				CLANG_WARN_COMMA = YES;
				CLANG_WARN_CONSTANT_CONVERSION = YES;
				CLANG_WARN_DEPRECATED_OBJC_IMPLEMENTATIONS = YES;
				CLANG_WARN_DIRECT_OBJC_ISA_USAGE = YES_ERROR;
				CLANG_WARN_DOCUMENTATION_COMMENTS = YES;
				CLANG_WARN_EMPTY_BODY = YES;
				CLANG_WARN_ENUM_CONVERSION = YES;
				CLANG_WARN_INFINITE_RECURSION = YES;
				CLANG_WARN_INT_CONVERSION = YES;
				CLANG_WARN_NON_LITERAL_NULL_CONVERSION = YES;
				CLANG_WARN_OBJC_IMPLICIT_RETAIN_SELF = YES;
				CLANG_WARN_OBJC_LITERAL_CONVERSION = YES;
				CLANG_WARN_OBJC_ROOT_CLASS = YES_ERROR;
				CLANG_WARN_QUOTED_INCLUDE_IN_FRAMEWORK_HEADER = YES;
				CLANG_WARN_RANGE_LOOP_ANALYSIS = YES;
				CLANG_WARN_STRICT_PROTOTYPES = YES;
				CLANG_WARN_SUSPICIOUS_MOVE = YES;
				CLANG_WARN_UNGUARDED_AVAILABILITY = YES_AGGRESSIVE;
				CLANG_WARN_UNREACHABLE_CODE = YES;
				CLANG_WARN__DUPLICATE_METHOD_MATCH = YES;
				COPY_PHASE_STRIP = NO;
				DEBUG_INFORMATION_FORMAT = dwarf;
				ENABLE_STRICT_OBJC_MSGSEND = YES;
				ENABLE_TESTABILITY = YES;
				GCC_C_LANGUAGE_STANDARD = gnu11;
				GCC_DYNAMIC_NO_PIC = NO;
				GCC_NO_COMMON_BLOCKS = YES;
				GCC_OPTIMIZATION_LEVEL = 0;
				GCC_PREPROCESSOR_DEFINITIONS = (
					"DEBUG=1",
					"$(inherited)",
				);
				GCC_WARN_64_TO_32_BIT_CONVERSION = YES;
				GCC_WARN_ABOUT_RETURN_TYPE = YES_ERROR;
				GCC_WARN_UNDECLARED_SELECTOR = YES;
				GCC_WARN_UNINITIALIZED_AUTOS = YES_AGGRESSIVE;
				GCC_WARN_UNUSED_FUNCTION = YES;
				GCC_WARN_UNUSED_VARIABLE = YES;
				IPHONEOS_DEPLOYMENT_TARGET = 13.0;
				MTL_ENABLE_DEBUG_INFO = INCLUDE_SOURCE;
				MTL_FAST_MATH = YES;
				ONLY_ACTIVE_ARCH = YES;
				SDKROOT = iphoneos;
				SWIFT_ACTIVE_COMPILATION_CONDITIONS = DEBUG;
				SWIFT_OPTIMIZATION_LEVEL = "-Onone";
			};
			name = Debug;
		};
		03398C6F27DFDFCD001BC793 /* Release */ = {
			isa = XCBuildConfiguration;
			buildSettings = {
				ALWAYS_SEARCH_USER_PATHS = NO;
				CLANG_ANALYZER_NONNULL = YES;
				CLANG_ANALYZER_NUMBER_OBJECT_CONVERSION = YES_AGGRESSIVE;
				CLANG_CXX_LANGUAGE_STANDARD = "gnu++17";
				CLANG_CXX_LIBRARY = "libc++";
				CLANG_ENABLE_MODULES = YES;
				CLANG_ENABLE_OBJC_ARC = YES;
				CLANG_ENABLE_OBJC_WEAK = YES;
				CLANG_WARN_BLOCK_CAPTURE_AUTORELEASING = YES;
				CLANG_WARN_BOOL_CONVERSION = YES;
				CLANG_WARN_COMMA = YES;
				CLANG_WARN_CONSTANT_CONVERSION = YES;
				CLANG_WARN_DEPRECATED_OBJC_IMPLEMENTATIONS = YES;
				CLANG_WARN_DIRECT_OBJC_ISA_USAGE = YES_ERROR;
				CLANG_WARN_DOCUMENTATION_COMMENTS = YES;
				CLANG_WARN_EMPTY_BODY = YES;
				CLANG_WARN_ENUM_CONVERSION = YES;
				CLANG_WARN_INFINITE_RECURSION = YES;
				CLANG_WARN_INT_CONVERSION = YES;
				CLANG_WARN_NON_LITERAL_NULL_CONVERSION = YES;
				CLANG_WARN_OBJC_IMPLICIT_RETAIN_SELF = YES;
				CLANG_WARN_OBJC_LITERAL_CONVERSION = YES;
				CLANG_WARN_OBJC_ROOT_CLASS = YES_ERROR;
				CLANG_WARN_QUOTED_INCLUDE_IN_FRAMEWORK_HEADER = YES;
				CLANG_WARN_RANGE_LOOP_ANALYSIS = YES;
				CLANG_WARN_STRICT_PROTOTYPES = YES;
				CLANG_WARN_SUSPICIOUS_MOVE = YES;
				CLANG_WARN_UNGUARDED_AVAILABILITY = YES_AGGRESSIVE;
				CLANG_WARN_UNREACHABLE_CODE = YES;
				CLANG_WARN__DUPLICATE_METHOD_MATCH = YES;
				COPY_PHASE_STRIP = NO;
				DEBUG_INFORMATION_FORMAT = "dwarf-with-dsym";
				ENABLE_NS_ASSERTIONS = NO;
				ENABLE_STRICT_OBJC_MSGSEND = YES;
				GCC_C_LANGUAGE_STANDARD = gnu11;
				GCC_NO_COMMON_BLOCKS = YES;
				GCC_WARN_64_TO_32_BIT_CONVERSION = YES;
				GCC_WARN_ABOUT_RETURN_TYPE = YES_ERROR;
				GCC_WARN_UNDECLARED_SELECTOR = YES;
				GCC_WARN_UNINITIALIZED_AUTOS = YES_AGGRESSIVE;
				GCC_WARN_UNUSED_FUNCTION = YES;
				GCC_WARN_UNUSED_VARIABLE = YES;
				IPHONEOS_DEPLOYMENT_TARGET = 13.0;
				MTL_ENABLE_DEBUG_INFO = NO;
				MTL_FAST_MATH = YES;
				SDKROOT = iphoneos;
				SWIFT_COMPILATION_MODE = wholemodule;
				SWIFT_OPTIMIZATION_LEVEL = "-O";
				VALIDATE_PRODUCT = YES;
			};
			name = Release;
		};
		03398C7127DFDFCD001BC793 /* Debug */ = {
			isa = XCBuildConfiguration;
			baseConfigurationReference = 7970464BBDAF57D08D439957 /* Pods-SwiftTemplate.debug.xcconfig */;
			buildSettings = {
				ASSETCATALOG_COMPILER_APPICON_NAME = AppIcon;
				ASSETCATALOG_COMPILER_GLOBAL_ACCENT_COLOR_NAME = AccentColor;
				CODE_SIGN_STYLE = Automatic;
				CURRENT_PROJECT_VERSION = 1;
				GENERATE_INFOPLIST_FILE = YES;
				INFOPLIST_FILE = SwiftTemplate/Info.plist;
				INFOPLIST_KEY_UIApplicationSupportsIndirectInputEvents = YES;
				INFOPLIST_KEY_UILaunchStoryboardName = LaunchScreen;
				INFOPLIST_KEY_UISupportedInterfaceOrientations_iPad = "UIInterfaceOrientationPortrait UIInterfaceOrientationPortraitUpsideDown UIInterfaceOrientationLandscapeLeft UIInterfaceOrientationLandscapeRight";
				INFOPLIST_KEY_UISupportedInterfaceOrientations_iPhone = "UIInterfaceOrientationPortrait UIInterfaceOrientationLandscapeLeft UIInterfaceOrientationLandscapeRight";
				LD_RUNPATH_SEARCH_PATHS = (
					"$(inherited)",
					"@executable_path/Frameworks",
				);
				MARKETING_VERSION = 1.0;
				PRODUCT_BUNDLE_IDENTIFIER = com.Alkemy.SwiftTemplate;
				PRODUCT_NAME = "$(TARGET_NAME)";
				SWIFT_EMIT_LOC_STRINGS = YES;
				SWIFT_VERSION = 5.0;
				TARGETED_DEVICE_FAMILY = "1,2";
			};
			name = Debug;
		};
		03398C7227DFDFCD001BC793 /* Release */ = {
			isa = XCBuildConfiguration;
			baseConfigurationReference = 10E80E2B6DB8107568FFFD5D /* Pods-SwiftTemplate.release.xcconfig */;
			buildSettings = {
				ASSETCATALOG_COMPILER_APPICON_NAME = AppIcon;
				ASSETCATALOG_COMPILER_GLOBAL_ACCENT_COLOR_NAME = AccentColor;
				CODE_SIGN_STYLE = Automatic;
				CURRENT_PROJECT_VERSION = 1;
				GENERATE_INFOPLIST_FILE = YES;
				INFOPLIST_FILE = SwiftTemplate/Info.plist;
				INFOPLIST_KEY_UIApplicationSupportsIndirectInputEvents = YES;
				INFOPLIST_KEY_UILaunchStoryboardName = LaunchScreen;
				INFOPLIST_KEY_UISupportedInterfaceOrientations_iPad = "UIInterfaceOrientationPortrait UIInterfaceOrientationPortraitUpsideDown UIInterfaceOrientationLandscapeLeft UIInterfaceOrientationLandscapeRight";
				INFOPLIST_KEY_UISupportedInterfaceOrientations_iPhone = "UIInterfaceOrientationPortrait UIInterfaceOrientationLandscapeLeft UIInterfaceOrientationLandscapeRight";
				LD_RUNPATH_SEARCH_PATHS = (
					"$(inherited)",
					"@executable_path/Frameworks",
				);
				MARKETING_VERSION = 1.0;
				PRODUCT_BUNDLE_IDENTIFIER = com.Alkemy.SwiftTemplate;
				PRODUCT_NAME = "$(TARGET_NAME)";
				SWIFT_EMIT_LOC_STRINGS = YES;
				SWIFT_VERSION = 5.0;
				TARGETED_DEVICE_FAMILY = "1,2";
			};
			name = Release;
		};
		038D34A628632C2A00648978 /* Debug */ = {
			isa = XCBuildConfiguration;
			buildSettings = {
				BUNDLE_LOADER = "$(TEST_HOST)";
				CODE_SIGN_STYLE = Automatic;
				CURRENT_PROJECT_VERSION = 1;
				GENERATE_INFOPLIST_FILE = YES;
				IPHONEOS_DEPLOYMENT_TARGET = 15.2;
				MARKETING_VERSION = 1.0;
				PRODUCT_BUNDLE_IDENTIFIER = com.Alkemy.SwiftTemplateTests;
				PRODUCT_NAME = "$(TARGET_NAME)";
				SWIFT_EMIT_LOC_STRINGS = NO;
				SWIFT_VERSION = 5.0;
				TARGETED_DEVICE_FAMILY = "1,2";
				TEST_HOST = "$(BUILT_PRODUCTS_DIR)/SwiftTemplate.app/SwiftTemplate";
			};
			name = Debug;
		};
		038D34A728632C2A00648978 /* Release */ = {
			isa = XCBuildConfiguration;
			buildSettings = {
				BUNDLE_LOADER = "$(TEST_HOST)";
				CODE_SIGN_STYLE = Automatic;
				CURRENT_PROJECT_VERSION = 1;
				GENERATE_INFOPLIST_FILE = YES;
				IPHONEOS_DEPLOYMENT_TARGET = 15.2;
				MARKETING_VERSION = 1.0;
				PRODUCT_BUNDLE_IDENTIFIER = com.Alkemy.SwiftTemplateTests;
				PRODUCT_NAME = "$(TARGET_NAME)";
				SWIFT_EMIT_LOC_STRINGS = NO;
				SWIFT_VERSION = 5.0;
				TARGETED_DEVICE_FAMILY = "1,2";
				TEST_HOST = "$(BUILT_PRODUCTS_DIR)/SwiftTemplate.app/SwiftTemplate";
			};
			name = Release;
		};
/* End XCBuildConfiguration section */

/* Begin XCConfigurationList section */
		03398C5727DFDFCC001BC793 /* Build configuration list for PBXProject "SwiftTemplate" */ = {
			isa = XCConfigurationList;
			buildConfigurations = (
				03398C6E27DFDFCD001BC793 /* Debug */,
				03398C6F27DFDFCD001BC793 /* Release */,
			);
			defaultConfigurationIsVisible = 0;
			defaultConfigurationName = Release;
		};
		03398C7027DFDFCD001BC793 /* Build configuration list for PBXNativeTarget "SwiftTemplate" */ = {
			isa = XCConfigurationList;
			buildConfigurations = (
				03398C7127DFDFCD001BC793 /* Debug */,
				03398C7227DFDFCD001BC793 /* Release */,
			);
			defaultConfigurationIsVisible = 0;
			defaultConfigurationName = Release;
		};
		038D34A528632C2A00648978 /* Build configuration list for PBXNativeTarget "SwiftTemplateTests" */ = {
			isa = XCConfigurationList;
			buildConfigurations = (
				038D34A628632C2A00648978 /* Debug */,
				038D34A728632C2A00648978 /* Release */,
			);
			defaultConfigurationIsVisible = 0;
			defaultConfigurationName = Release;
		};
/* End XCConfigurationList section */
	};
	rootObject = 03398C5427DFDFCC001BC793 /* Project object */;
}
